
Microsoft Visual Studio Solution File, Format Version 12.00
# Visual Studio 14
VisualStudioVersion = 14.0.25420.1
MinimumVisualStudioVersion = 10.0.40219.1
Project("{FAE04EC0-301F-11D3-BF4B-00C04F79EFBC}") = "ParseOptions", "ParseOptions\ParseOptions.csproj", "{49E88249-E8B7-4EB4-ABA3-6062B7A038ED}"
EndProject
Project("{FAE04EC0-301F-11D3-BF4B-00C04F79EFBC}") = "OutlineListDisplay", "OutlineListDisplay\OutlineListDisplay.csproj", "{F719369C-5693-4E82-8AD6-9DBC40ADE2AB}"
EndProject
Project("{FAE04EC0-301F-11D3-BF4B-00C04F79EFBC}") = "TreeViewExample", "TreeViewExample\TreeViewExample.csproj", "{8335ECC4-008C-4A53-971F-5065A99A1927}"
EndProject
Project("{FAE04EC0-301F-11D3-BF4B-00C04F79EFBC}") = "vPurger", "vPurger\vPurger.csproj", "{DBD1127B-F92D-403E-B9D9-80599A060DAA}"
EndProject
Global
	GlobalSection(SolutionConfigurationPlatforms) = preSolution
		Debug|Any CPU = Debug|Any CPU
		Release|Any CPU = Release|Any CPU
	EndGlobalSection
	GlobalSection(ProjectConfigurationPlatforms) = postSolution
		{49E88249-E8B7-4EB4-ABA3-6062B7A038ED}.Debug|Any CPU.ActiveCfg = Debug|Any CPU
		{49E88249-E8B7-4EB4-ABA3-6062B7A038ED}.Debug|Any CPU.Build.0 = Debug|Any CPU
		{49E88249-E8B7-4EB4-ABA3-6062B7A038ED}.Release|Any CPU.ActiveCfg = Release|Any CPU
		{49E88249-E8B7-4EB4-ABA3-6062B7A038ED}.Release|Any CPU.Build.0 = Release|Any CPU
		{F719369C-5693-4E82-8AD6-9DBC40ADE2AB}.Debug|Any CPU.ActiveCfg = Debug|Any CPU
		{F719369C-5693-4E82-8AD6-9DBC40ADE2AB}.Debug|Any CPU.Build.0 = Debug|Any CPU
		{F719369C-5693-4E82-8AD6-9DBC40ADE2AB}.Release|Any CPU.ActiveCfg = Release|Any CPU
		{F719369C-5693-4E82-8AD6-9DBC40ADE2AB}.Release|Any CPU.Build.0 = Release|Any CPU
		{8335ECC4-008C-4A53-971F-5065A99A1927}.Debug|Any CPU.ActiveCfg = Debug|Any CPU
		{8335ECC4-008C-4A53-971F-5065A99A1927}.Debug|Any CPU.Build.0 = Debug|Any CPU
		{8335ECC4-008C-4A53-971F-5065A99A1927}.Release|Any CPU.ActiveCfg = Release|Any CPU
		{8335ECC4-008C-4A53-971F-5065A99A1927}.Release|Any CPU.Build.0 = Release|Any CPU
		{DBD1127B-F92D-403E-B9D9-80599A060DAA}.Debug|Any CPU.ActiveCfg = Debug|Any CPU
		{DBD1127B-F92D-403E-B9D9-80599A060DAA}.Debug|Any CPU.Build.0 = Debug|Any CPU
		{DBD1127B-F92D-403E-B9D9-80599A060DAA}.Release|Any CPU.ActiveCfg = Release|Any CPU
		{DBD1127B-F92D-403E-B9D9-80599A060DAA}.Release|Any CPU.Build.0 = Release|Any CPU
	EndGlobalSection
	GlobalSection(SolutionProperties) = preSolution
		HideSolutionNode = FALSE
	EndGlobalSection
EndGlobal
